# THIS IS AN AUTOGENERATED FILE. DO NOT EDIT THIS FILE DIRECTLY.
# yarn lockfile v1


"@elastic/elasticsearch@^7.15.0":
  version "7.15.0"
  resolved "https://registry.yarnpkg.com/@elastic/elasticsearch/-/elasticsearch-7.15.0.tgz#4b009a87e0b11b8cfd2e4f378f0292574bc17300"
  integrity sha512-FUKvjV2IKtIiWsvBy7D+wLbSEONsmNR15RRN7P/Sb30g4ObZRHH2qGOP5PPnzxdntEkzZ8HzY7nKKXFS+3Du1g==
  dependencies:
    debug "^4.3.1"
    hpagent "^0.1.1"
    ms "^2.1.3"
    secure-json-parse "^2.4.0"

"@octokit/auth-token@^2.4.4":
  version "2.4.4"
  resolved "https://registry.yarnpkg.com/@octokit/auth-token/-/auth-token-2.4.4.tgz#ee31c69b01d0378c12fd3ffe406030f3d94d3b56"
  integrity sha512-LNfGu3Ro9uFAYh10MUZVaT7X2CnNm2C8IDQmabx+3DygYIQjs9FwzFAHN/0t6mu5HEPhxcb1XOuxdpY82vCg2Q==
  dependencies:
    "@octokit/types" "^6.0.0"

"@octokit/core@^3.5.1":
  version "3.5.1"
  resolved "https://registry.yarnpkg.com/@octokit/core/-/core-3.5.1.tgz#8601ceeb1ec0e1b1b8217b960a413ed8e947809b"
  integrity sha512-omncwpLVxMP+GLpLPgeGJBF6IWJFjXDS5flY5VbppePYX9XehevbDykRH9PdCdvqt9TS5AOTiDide7h0qrkHjw==
  dependencies:
    "@octokit/auth-token" "^2.4.4"
    "@octokit/graphql" "^4.5.8"
    "@octokit/request" "^5.6.0"
    "@octokit/request-error" "^2.0.5"
    "@octokit/types" "^6.0.3"
    before-after-hook "^2.2.0"
    universal-user-agent "^6.0.0"

"@octokit/endpoint@^6.0.1":
  version "6.0.10"
  resolved "https://registry.yarnpkg.com/@octokit/endpoint/-/endpoint-6.0.10.tgz#741ce1fa2f4fb77ce8ebe0c6eaf5ce63f565f8e8"
  integrity sha512-9+Xef8nT7OKZglfkOMm7IL6VwxXUQyR7DUSU0LH/F7VNqs8vyd7es5pTfz9E7DwUIx7R3pGscxu1EBhYljyu7Q==
  dependencies:
    "@octokit/types" "^6.0.0"
    is-plain-object "^5.0.0"
    universal-user-agent "^6.0.0"

"@octokit/graphql@^4.5.8":
  version "4.5.8"
  resolved "https://registry.yarnpkg.com/@octokit/graphql/-/graphql-4.5.8.tgz#d42373633c3015d0eafce64a8ce196be167fdd9b"
  integrity sha512-WnCtNXWOrupfPJgXe+vSmprZJUr0VIu14G58PMlkWGj3cH+KLZEfKMmbUQ6C3Wwx6fdhzVW1CD5RTnBdUHxhhA==
  dependencies:
    "@octokit/request" "^5.3.0"
    "@octokit/types" "^6.0.0"
    universal-user-agent "^6.0.0"

"@octokit/openapi-types@^1.2.0":
  version "1.2.2"
  resolved "https://registry.yarnpkg.com/@octokit/openapi-types/-/openapi-types-1.2.2.tgz#55d927436c07ef148ec927fbf4d55580a19bd68e"
  integrity sha512-vrKDLd/Rq4IE16oT+jJkDBx0r29NFkdkU8GwqVSP4RajsAvP23CMGtFhVK0pedUhAiMvG1bGnFcTC/xCKaKgmw==

"@octokit/openapi-types@^11.2.0":
  version "11.2.0"
  resolved "https://registry.yarnpkg.com/@octokit/openapi-types/-/openapi-types-11.2.0.tgz#b38d7fc3736d52a1e96b230c1ccd4a58a2f400a6"
  integrity sha512-PBsVO+15KSlGmiI8QAzaqvsNlZlrDlyAJYcrXBCvVUxCp7VnXjkwPoFHgjEJXx3WF9BAwkA6nfCUA7i9sODzKA==

"@octokit/plugin-paginate-rest@^2.16.8":
  version "2.17.0"
  resolved "https://registry.yarnpkg.com/@octokit/plugin-paginate-rest/-/plugin-paginate-rest-2.17.0.tgz#32e9c7cab2a374421d3d0de239102287d791bce7"
  integrity sha512-tzMbrbnam2Mt4AhuyCHvpRkS0oZ5MvwwcQPYGtMv4tUa5kkzG58SVB0fcsLulOZQeRnOgdkZWkRUiyBlh0Bkyw==
  dependencies:
    "@octokit/types" "^6.34.0"

"@octokit/plugin-request-log@^1.0.4":
  version "1.0.4"
  resolved "https://registry.yarnpkg.com/@octokit/plugin-request-log/-/plugin-request-log-1.0.4.tgz#5e50ed7083a613816b1e4a28aeec5fb7f1462e85"
  integrity sha512-mLUsMkgP7K/cnFEw07kWqXGF5LKrOkD+lhCrKvPHXWDywAwuDUeDwWBpc69XK3pNX0uKiVt8g5z96PJ6z9xCFA==

"@octokit/plugin-rest-endpoint-methods@^5.12.0":
  version "5.13.0"
  resolved "https://registry.yarnpkg.com/@octokit/plugin-rest-endpoint-methods/-/plugin-rest-endpoint-methods-5.13.0.tgz#8c46109021a3412233f6f50d28786f8e552427ba"
  integrity sha512-uJjMTkN1KaOIgNtUPMtIXDOjx6dGYysdIFhgA52x4xSadQCz3b/zJexvITDVpANnfKPW/+E0xkOvLntqMYpviA==
  dependencies:
    "@octokit/types" "^6.34.0"
    deprecation "^2.3.1"

"@octokit/plugin-retry@^3.0.9":
  version "3.0.9"
  resolved "https://registry.yarnpkg.com/@octokit/plugin-retry/-/plugin-retry-3.0.9.tgz#ae625cca1e42b0253049102acd71c1d5134788fe"
  integrity sha512-r+fArdP5+TG6l1Rv/C9hVoty6tldw6cE2pRHNGmFPdyfrc696R6JjrQ3d7HdVqGwuzfyrcaLAKD7K8TX8aehUQ==
  dependencies:
    "@octokit/types" "^6.0.3"
    bottleneck "^2.15.3"

"@octokit/plugin-throttling@^3.5.2":
  version "3.5.2"
  resolved "https://registry.yarnpkg.com/@octokit/plugin-throttling/-/plugin-throttling-3.5.2.tgz#8b1797a5f14edbca0b8af619394056ed0ed5c9b5"
  integrity sha512-Eu7kfJxU8vmHqWGNszWpg+GVp2tnAfax3XQV5CkYPEE69C+KvInJXW9WajgSeW+cxYe0UVdouzCtcreGNuJo7A==
  dependencies:
    "@octokit/types" "^6.0.1"
    bottleneck "^2.15.3"

"@octokit/request-error@^2.0.0":
  version "2.0.4"
  resolved "https://registry.yarnpkg.com/@octokit/request-error/-/request-error-2.0.4.tgz#07dd5c0521d2ee975201274c472a127917741262"
  integrity sha512-LjkSiTbsxIErBiRh5wSZvpZqT4t0/c9+4dOe0PII+6jXR+oj/h66s7E4a/MghV7iT8W9ffoQ5Skoxzs96+gBPA==
  dependencies:
    "@octokit/types" "^6.0.0"
    deprecation "^2.0.0"
    once "^1.4.0"

"@octokit/request-error@^2.0.5", "@octokit/request-error@^2.1.0":
  version "2.1.0"
  resolved "https://registry.yarnpkg.com/@octokit/request-error/-/request-error-2.1.0.tgz#9e150357831bfc788d13a4fd4b1913d60c74d677"
  integrity sha512-1VIvgXxs9WHSjicsRwq8PlR2LR2x6DwsJAaFgzdi0JfJoGSO8mYI/cHJQ+9FbN21aa+DrgNLnwObmyeSC8Rmpg==
  dependencies:
    "@octokit/types" "^6.0.3"
    deprecation "^2.0.0"
    once "^1.4.0"

"@octokit/request@^5.3.0":
  version "5.4.12"
  resolved "https://registry.yarnpkg.com/@octokit/request/-/request-5.4.12.tgz#b04826fa934670c56b135a81447be2c1723a2ffc"
  integrity sha512-MvWYdxengUWTGFpfpefBBpVmmEYfkwMoxonIB3sUGp5rhdgwjXL1ejo6JbgzG/QD9B/NYt/9cJX1pxXeSIUCkg==
  dependencies:
    "@octokit/endpoint" "^6.0.1"
    "@octokit/request-error" "^2.0.0"
    "@octokit/types" "^6.0.3"
    deprecation "^2.0.0"
    is-plain-object "^5.0.0"
    node-fetch "^2.6.1"
    once "^1.4.0"
    universal-user-agent "^6.0.0"

"@octokit/request@^5.6.0":
  version "5.6.2"
  resolved "https://registry.yarnpkg.com/@octokit/request/-/request-5.6.2.tgz#1aa74d5da7b9e04ac60ef232edd9a7438dcf32d8"
  integrity sha512-je66CvSEVf0jCpRISxkUcCa0UkxmFs6eGDRSbfJtAVwbLH5ceqF+YEyC8lj8ystKyZTy8adWr0qmkY52EfOeLA==
  dependencies:
    "@octokit/endpoint" "^6.0.1"
    "@octokit/request-error" "^2.1.0"
    "@octokit/types" "^6.16.1"
    is-plain-object "^5.0.0"
    node-fetch "^2.6.1"
    universal-user-agent "^6.0.0"

"@octokit/rest@^18.12.0":
  version "18.12.0"
  resolved "https://registry.yarnpkg.com/@octokit/rest/-/rest-18.12.0.tgz#f06bc4952fc87130308d810ca9d00e79f6988881"
  integrity sha512-gDPiOHlyGavxr72y0guQEhLsemgVjwRePayJ+FcKc2SJqKUbxbkvf5kAZEWA/MKvsfYlQAMVzNJE3ezQcxMJ2Q==
  dependencies:
    "@octokit/core" "^3.5.1"
    "@octokit/plugin-paginate-rest" "^2.16.8"
    "@octokit/plugin-request-log" "^1.0.4"
    "@octokit/plugin-rest-endpoint-methods" "^5.12.0"

"@octokit/types@^6.0.0", "@octokit/types@^6.0.1", "@octokit/types@^6.0.3":
  version "6.0.3"
  resolved "https://registry.yarnpkg.com/@octokit/types/-/types-6.0.3.tgz#df21856c3690a90e332ea36e39fbf413b0a4f25d"
  integrity sha512-6y0Emzp+uPpdC5QLzUY1YRklvqiZBMTOz2ByhXdmTFlc3lNv8Mi28dX1U1b4scNtFMUa3tkpjofNFJ5NqMJaZw==
  dependencies:
    "@octokit/openapi-types" "^1.2.0"
    "@types/node" ">= 8"

"@octokit/types@^6.16.1", "@octokit/types@^6.34.0":
  version "6.34.0"
  resolved "https://registry.yarnpkg.com/@octokit/types/-/types-6.34.0.tgz#c6021333334d1ecfb5d370a8798162ddf1ae8218"
  integrity sha512-s1zLBjWhdEI2zwaoSgyOFoKSl109CUcVBCc7biPJ3aAf6LGLU6szDvi31JPU7bxfla2lqfhjbbg/5DdFNxOwHw==
  dependencies:
    "@octokit/openapi-types" "^11.2.0"

"@types/node@>= 8":
  version "13.7.0"
  resolved "https://registry.yarnpkg.com/@types/node/-/node-13.7.0.tgz#b417deda18cf8400f278733499ad5547ed1abec4"
  integrity sha512-GnZbirvmqZUzMgkFn70c74OQpTTUcCzlhQliTzYjQMqg+hVKcDnxdL19Ne3UdYzdMA/+W3eb646FWn/ZaT1NfQ==

before-after-hook@^2.2.0:
  version "2.2.2"
  resolved "https://registry.yarnpkg.com/before-after-hook/-/before-after-hook-2.2.2.tgz#a6e8ca41028d90ee2c24222f201c90956091613e"
  integrity sha512-3pZEU3NT5BFUo/AD5ERPWOgQOCZITni6iavr5AUw5AUwQjMlI0kzu5btnyD39AF0gUEsDPwJT+oY1ORBJijPjQ==

bottleneck@^2.15.3:
  version "2.19.5"
  resolved "https://registry.yarnpkg.com/bottleneck/-/bottleneck-2.19.5.tgz#5df0b90f59fd47656ebe63c78a98419205cadd91"
  integrity sha512-VHiNCbI1lKdl44tGrhNfU3lup0Tj/ZBMJB5/2ZbNXRCPuRCO7ed2mgcK4r17y+KB2EfuYuRaVlwNbAeaWGSpbw==

debug@^4.3.1:
  version "4.3.2"
  resolved "https://registry.yarnpkg.com/debug/-/debug-4.3.2.tgz#f0a49c18ac8779e31d4a0c6029dfb76873c7428b"
  integrity sha512-mOp8wKcvj7XxC78zLgw/ZA+6TSgkoE2C/ienthhRD298T7UNwAg9diBpLRxC0mOezLl4B0xV7M0cCO6P/O0Xhw==
  dependencies:
    ms "2.1.2"

deprecation@^2.0.0, deprecation@^2.3.1:
  version "2.3.1"
  resolved "https://registry.yarnpkg.com/deprecation/-/deprecation-2.3.1.tgz#6368cbdb40abf3373b525ac87e4a260c3a700919"
  integrity sha512-xmHIy4F3scKVwMsQ4WnVaS8bHOx0DmVwRywosKhaILI0ywMDWPtBSku2HNxRvF7jtwDRsoEwYQSfbxj8b7RlJQ==

hpagent@^0.1.1:
  version "0.1.2"
  resolved "https://registry.yarnpkg.com/hpagent/-/hpagent-0.1.2.tgz#cab39c66d4df2d4377dbd212295d878deb9bdaa9"
  integrity sha512-ePqFXHtSQWAFXYmj+JtOTHr84iNrII4/QRlAAPPE+zqnKy4xJo7Ie1Y4kC7AdB+LxLxSTTzBMASsEcy0q8YyvQ==

is-plain-object@^5.0.0:
  version "5.0.0"
  resolved "https://registry.yarnpkg.com/is-plain-object/-/is-plain-object-5.0.0.tgz#4427f50ab3429e9025ea7d52e9043a9ef4159344"
  integrity sha512-VRSzKkbMm5jMDoKLbltAkFQ5Qr7VDiTFGXxYFXXowVj387GeGNOCsOH6Msy00SGZ3Fp84b1Naa1psqgcCIEP5Q==

moment@^2.29.1:
  version "2.29.1"
  resolved "https://registry.yarnpkg.com/moment/-/moment-2.29.1.tgz#b2be769fa31940be9eeea6469c075e35006fa3d3"
  integrity sha512-kHmoybcPV8Sqy59DwNDY3Jefr64lK/by/da0ViFcuA4DH0vQg5Q6Ze5VimxkfQNSC+Mls/Kx53s7TjP1RhFEDQ==

ms@2.1.2:
  version "2.1.2"
  resolved "https://registry.yarnpkg.com/ms/-/ms-2.1.2.tgz#d09d1f357b443f493382a8eb3ccd183872ae6009"
  integrity sha512-sGkPx+VjMtmA6MX27oA4FBFELFCZZ4S4XqeGOXCv68tT+jb3vk/RyaKWP0PTKyWtmLSM0b+adUTEvbs1PEaH2w==

ms@^2.1.3:
  version "2.1.3"
  resolved "https://registry.yarnpkg.com/ms/-/ms-2.1.3.tgz#574c8138ce1d2b5861f0b44579dbadd60c6615b2"
  integrity sha512-6FlzubTLZG3J2a/NVCAleEhjzq5oxgHyaCU9yYXvcLsvoVaHJq/s5xXI6/XXP6tz7R9xAOtHnSO/tXtF3WRTlA==

node-fetch@^2.6.1:
  version "2.6.1"
  resolved "https://registry.yarnpkg.com/node-fetch/-/node-fetch-2.6.1.tgz#045bd323631f76ed2e2b55573394416b639a0052"
  integrity sha512-V4aYg89jEoVRxRb2fJdAg8FHvI7cEyYdVAh94HH0UIK8oJxUfkjlDQN9RbMx+bEjP7+ggMiFRprSti032Oipxw==

once@^1.4.0:
  version "1.4.0"
  resolved "https://registry.yarnpkg.com/once/-/once-1.4.0.tgz#583b1aa775961d4b113ac17d9c50baef9dd76bd1"
  integrity sha1-WDsap3WWHUsROsF9nFC6753Xa9E=
  dependencies:
    wrappy "1"

secure-json-parse@^2.4.0:
  version "2.4.0"
  resolved "https://registry.yarnpkg.com/secure-json-parse/-/secure-json-parse-2.4.0.tgz#5aaeaaef85c7a417f76271a4f5b0cc3315ddca85"
  integrity sha512-Q5Z/97nbON5t/L/sH6mY2EacfjVGwrCcSi5D3btRO2GZ8pf1K1UN7Z9H5J57hjVU2Qzxr1xO+FmBhOvEkzCMmg==

universal-user-agent@^6.0.0:
  version "6.0.0"
  resolved "https://registry.yarnpkg.com/universal-user-agent/-/universal-user-agent-6.0.0.tgz#3381f8503b251c0d9cd21bc1de939ec9df5480ee"
  integrity sha512-isyNax3wXoKaulPDZWHQqbmIx1k2tb9fb3GGDBRxCscfYV2Ch7WxPArBsFEG8s/safwXTT7H4QGhaIkTp9447w==

wrappy@1:
  version "1.0.2"
  resolved "https://registry.yarnpkg.com/wrappy/-/wrappy-1.0.2.tgz#b5243d8f3ec1aa35f1364605bc0d1036e30ab69f"
  integrity sha1-tSQ9jz7BqjXxNkYFvA0QNuMKtp8=
