# THIS IS AN AUTOGENERATED FILE. DO NOT EDIT THIS FILE DIRECTLY.
# yarn lockfile v1


"@elastic/elasticsearch@^8.18.0":
  version "8.18.2"
  resolved "https://registry.yarnpkg.com/@elastic/elasticsearch/-/elasticsearch-8.18.2.tgz#0916b6e3b5bde29ad12c2f2a241b14bf7429e4a7"
  integrity sha512-2pOc/hGdxkbaDavfAlnUfjJdVsFRCGqg7fpsWJfJ2UzpgViIyojdViHg8zOCT1J14lAwvDgb9CNETWa3SBZRfw==
  dependencies:
    "@elastic/transport" "^8.9.6"
    apache-arrow "18.x - 19.x"
    tslib "^2.4.0"

"@elastic/transport@^8.9.6":
  version "8.9.6"
  resolved "https://registry.yarnpkg.com/@elastic/transport/-/transport-8.9.6.tgz#f17eb2d042ea8fa2836dab56ed2446ca117146b1"
  integrity sha512-v71jgmZtgPg2ouXF5KTPxU1a6z7YYc8nazAS7jLySteC/vrShs1OJh6oEEeo5oDc19MYUofV/JV1h5vqJVBXOw==
  dependencies:
    "@opentelemetry/api" "1.x"
    debug "^4.4.0"
    hpagent "^1.2.0"
    ms "^2.1.3"
    secure-json-parse "^3.0.1"
    tslib "^2.8.1"
    undici "^6.21.1"

"@octokit/auth-app@^7.2.1":
  version "7.2.1"
  resolved "https://registry.yarnpkg.com/@octokit/auth-app/-/auth-app-7.2.1.tgz#ed3d3ae487c5b42db88b10e95175d1a8a8965cbf"
  integrity sha512-4jaopCVOtWN0V8qCx/1s2pkRqC6tcvIQM3kFB99eIpsP53GfsoIKO08D94b83n/V3iGihHmxWR2lXzE0NicUGg==
  dependencies:
    "@octokit/auth-oauth-app" "^8.1.4"
    "@octokit/auth-oauth-user" "^5.1.4"
    "@octokit/request" "^9.2.3"
    "@octokit/request-error" "^6.1.8"
    "@octokit/types" "^14.0.0"
    toad-cache "^3.7.0"
    universal-github-app-jwt "^2.2.0"
    universal-user-agent "^7.0.0"

"@octokit/auth-oauth-app@^8.1.4":
  version "8.1.4"
  resolved "https://registry.yarnpkg.com/@octokit/auth-oauth-app/-/auth-oauth-app-8.1.4.tgz#4a41ed59ae81c36215976e3523a671d5eacb6d52"
  integrity sha512-71iBa5SflSXcclk/OL3lJzdt4iFs56OJdpBGEBl1wULp7C58uiswZLV6TdRaiAzHP1LT8ezpbHlKuxADb+4NkQ==
  dependencies:
    "@octokit/auth-oauth-device" "^7.1.5"
    "@octokit/auth-oauth-user" "^5.1.4"
    "@octokit/request" "^9.2.3"
    "@octokit/types" "^14.0.0"
    universal-user-agent "^7.0.0"

"@octokit/auth-oauth-device@^7.1.5":
  version "7.1.5"
  resolved "https://registry.yarnpkg.com/@octokit/auth-oauth-device/-/auth-oauth-device-7.1.5.tgz#dd22ed25539c4dadd27bfa3afccd244434fb4c48"
  integrity sha512-lR00+k7+N6xeECj0JuXeULQ2TSBB/zjTAmNF2+vyGPDEFx1dgk1hTDmL13MjbSmzusuAmuJD8Pu39rjp9jH6yw==
  dependencies:
    "@octokit/oauth-methods" "^5.1.5"
    "@octokit/request" "^9.2.3"
    "@octokit/types" "^14.0.0"
    universal-user-agent "^7.0.0"

"@octokit/auth-oauth-user@^5.1.4":
  version "5.1.4"
  resolved "https://registry.yarnpkg.com/@octokit/auth-oauth-user/-/auth-oauth-user-5.1.4.tgz#c8286e2812d0945e737563d94a1046b44078a06d"
  integrity sha512-4tJRofMHm6ZCd3O2PVgboBbQ/lNtacREeaihet0+wCATZmvPK+jjg2K6NjBfY69An3yzQdmkcMeiaOOoxOPr7Q==
  dependencies:
    "@octokit/auth-oauth-device" "^7.1.5"
    "@octokit/oauth-methods" "^5.1.5"
    "@octokit/request" "^9.2.3"
    "@octokit/types" "^14.0.0"
    universal-user-agent "^7.0.0"

"@octokit/auth-token@^5.0.0":
  version "5.1.2"
  resolved "https://registry.yarnpkg.com/@octokit/auth-token/-/auth-token-5.1.2.tgz#68a486714d7a7fd1df56cb9bc89a860a0de866de"
  integrity sha512-JcQDsBdg49Yky2w2ld20IHAlwr8d/d8N6NiOXbtuoPCqzbsiJgF633mVUw3x4mo0H5ypataQIX7SFu3yy44Mpw==

"@octokit/core@^6.1.4":
  version "6.1.5"
  resolved "https://registry.yarnpkg.com/@octokit/core/-/core-6.1.5.tgz#c2842aae87c2c2130b7dd33e8caa0f642dde2c67"
  integrity sha512-vvmsN0r7rguA+FySiCsbaTTobSftpIDIpPW81trAmsv9TGxg3YCujAxRYp/Uy8xmDgYCzzgulG62H7KYUFmeIg==
  dependencies:
    "@octokit/auth-token" "^5.0.0"
    "@octokit/graphql" "^8.2.2"
    "@octokit/request" "^9.2.3"
    "@octokit/request-error" "^6.1.8"
    "@octokit/types" "^14.0.0"
    before-after-hook "^3.0.2"
    universal-user-agent "^7.0.0"

"@octokit/endpoint@^10.1.4":
  version "10.1.4"
  resolved "https://registry.yarnpkg.com/@octokit/endpoint/-/endpoint-10.1.4.tgz#8783be38a32b95af8bcb6523af20ab4eed7a2adb"
  integrity sha512-OlYOlZIsfEVZm5HCSR8aSg02T2lbUWOsCQoPKfTXJwDzcHQBrVBGdGXb89dv2Kw2ToZaRtudp8O3ZIYoaOjKlA==
  dependencies:
    "@octokit/types" "^14.0.0"
    universal-user-agent "^7.0.2"

"@octokit/graphql@^8.2.2":
  version "8.2.2"
  resolved "https://registry.yarnpkg.com/@octokit/graphql/-/graphql-8.2.2.tgz#3db48c4ffdf07f99600cee513baf45e73eced4d1"
  integrity sha512-Yi8hcoqsrXGdt0yObxbebHXFOiUA+2v3n53epuOg1QUgOB6c4XzvisBNVXJSl8RYA5KrDuSL2yq9Qmqe5N0ryA==
  dependencies:
    "@octokit/request" "^9.2.3"
    "@octokit/types" "^14.0.0"
    universal-user-agent "^7.0.0"

"@octokit/oauth-authorization-url@^7.0.0":
  version "7.1.1"
  resolved "https://registry.yarnpkg.com/@octokit/oauth-authorization-url/-/oauth-authorization-url-7.1.1.tgz#0e17c2225eb66b58ec902d02b6f1315ffe9ff04b"
  integrity sha512-ooXV8GBSabSWyhLUowlMIVd9l1s2nsOGQdlP2SQ4LnkEsGXzeCvbSbCPdZThXhEFzleGPwbapT0Sb+YhXRyjCA==

"@octokit/oauth-methods@^5.1.5":
  version "5.1.5"
  resolved "https://registry.yarnpkg.com/@octokit/oauth-methods/-/oauth-methods-5.1.5.tgz#647fcd135cedd2371452631ef131497e8037b008"
  integrity sha512-Ev7K8bkYrYLhoOSZGVAGsLEscZQyq7XQONCBBAl2JdMg7IT3PQn/y8P0KjloPoYpI5UylqYrLeUcScaYWXwDvw==
  dependencies:
    "@octokit/oauth-authorization-url" "^7.0.0"
    "@octokit/request" "^9.2.3"
    "@octokit/request-error" "^6.1.8"
    "@octokit/types" "^14.0.0"

"@octokit/openapi-types@^24.2.0":
  version "24.2.0"
  resolved "https://registry.yarnpkg.com/@octokit/openapi-types/-/openapi-types-24.2.0.tgz#3d55c32eac0d38da1a7083a9c3b0cca77924f7d3"
  integrity sha512-9sIH3nSUttelJSXUrmGzl7QUBFul0/mB8HRYl3fOlgHbIWG+WnYDXU3v/2zMtAvuzZ/ed00Ei6on975FhBfzrg==

"@octokit/openapi-types@^25.0.0":
  version "25.0.0"
  resolved "https://registry.yarnpkg.com/@octokit/openapi-types/-/openapi-types-25.0.0.tgz#adeead36992abf966e89dcd53518d8b0dc910e0d"
  integrity sha512-FZvktFu7HfOIJf2BScLKIEYjDsw6RKc7rBJCdvCTfKsVnx2GEB/Nbzjr29DUdb7vQhlzS/j8qDzdditP0OC6aw==

"@octokit/plugin-paginate-rest@^11.4.2":
  version "11.6.0"
  resolved "https://registry.yarnpkg.com/@octokit/plugin-paginate-rest/-/plugin-paginate-rest-11.6.0.tgz#e5e9ff3530e867c3837fdbff94ce15a2468a1f37"
  integrity sha512-n5KPteiF7pWKgBIBJSk8qzoZWcUkza2O6A0za97pMGVrGfPdltxrfmfF5GucHYvHGZD8BdaZmmHGz5cX/3gdpw==
  dependencies:
    "@octokit/types" "^13.10.0"

"@octokit/plugin-request-log@^5.3.1":
  version "5.3.1"
  resolved "https://registry.yarnpkg.com/@octokit/plugin-request-log/-/plugin-request-log-5.3.1.tgz#ccb75d9705de769b2aa82bcd105cc96eb0c00f69"
  integrity sha512-n/lNeCtq+9ofhC15xzmJCNKP2BWTv8Ih2TTy+jatNCCq/gQP/V7rK3fjIfuz0pDWDALO/o/4QY4hyOF6TQQFUw==

"@octokit/plugin-rest-endpoint-methods@^13.3.0":
  version "13.5.0"
  resolved "https://registry.yarnpkg.com/@octokit/plugin-rest-endpoint-methods/-/plugin-rest-endpoint-methods-13.5.0.tgz#d8c8ca2123b305596c959a9134dfa8b0495b0ba6"
  integrity sha512-9Pas60Iv9ejO3WlAX3maE1+38c5nqbJXV5GrncEfkndIpZrJ/WPMRd2xYDcPPEt5yzpxcjw9fWNoPhsSGzqKqw==
  dependencies:
    "@octokit/types" "^13.10.0"

"@octokit/plugin-retry@^7.2.1":
  version "7.2.1"
  resolved "https://registry.yarnpkg.com/@octokit/plugin-retry/-/plugin-retry-7.2.1.tgz#3ec7065ad451c7e6bd64c4fb16c98006a5ff2f66"
  integrity sha512-wUc3gv0D6vNHpGxSaR3FlqJpTXGWgqmk607N9L3LvPL4QjaxDgX/1nY2mGpT37Khn+nlIXdljczkRnNdTTV3/A==
  dependencies:
    "@octokit/request-error" "^6.1.8"
    "@octokit/types" "^14.0.0"
    bottleneck "^2.15.3"

"@octokit/plugin-throttling@^10.0.0":
  version "10.0.0"
  resolved "https://registry.yarnpkg.com/@octokit/plugin-throttling/-/plugin-throttling-10.0.0.tgz#3ca3c2d3b6e1deb263462f5d35ce6727527116ef"
  integrity sha512-Kuq5/qs0DVYTHZuBAzCZStCzo2nKvVRo/TDNhCcpC2TKiOGz/DisXMCvjt3/b5kr6SCI1Y8eeeJTHBxxpFvZEg==
  dependencies:
    "@octokit/types" "^14.0.0"
    bottleneck "^2.15.3"

"@octokit/request-error@^6.1.8":
  version "6.1.8"
  resolved "https://registry.yarnpkg.com/@octokit/request-error/-/request-error-6.1.8.tgz#3c7ce1ca6721eabd43dbddc76b44860de1fdea75"
  integrity sha512-WEi/R0Jmq+IJKydWlKDmryPcmdYSVjL3ekaiEL1L9eo1sUnqMJ+grqmC9cjk7CA7+b2/T397tO5d8YLOH3qYpQ==
  dependencies:
    "@octokit/types" "^14.0.0"

"@octokit/request@^9.2.3":
  version "9.2.3"
  resolved "https://registry.yarnpkg.com/@octokit/request/-/request-9.2.3.tgz#00d023ad690903d952e4dd31e3f5804ef98fcd24"
  integrity sha512-Ma+pZU8PXLOEYzsWf0cn/gY+ME57Wq8f49WTXA8FMHp2Ps9djKw//xYJ1je8Hm0pR2lU9FUGeJRWOtxq6olt4w==
  dependencies:
    "@octokit/endpoint" "^10.1.4"
    "@octokit/request-error" "^6.1.8"
    "@octokit/types" "^14.0.0"
    fast-content-type-parse "^2.0.0"
    universal-user-agent "^7.0.2"

"@octokit/rest@^21.1.1":
  version "21.1.1"
  resolved "https://registry.yarnpkg.com/@octokit/rest/-/rest-21.1.1.tgz#7a70455ca451b1d253e5b706f35178ceefb74de2"
  integrity sha512-sTQV7va0IUVZcntzy1q3QqPm/r8rWtDCqpRAmb8eXXnKkjoQEtFe3Nt5GTVsHft+R6jJoHeSiVLcgcvhtue/rg==
  dependencies:
    "@octokit/core" "^6.1.4"
    "@octokit/plugin-paginate-rest" "^11.4.2"
    "@octokit/plugin-request-log" "^5.3.1"
    "@octokit/plugin-rest-endpoint-methods" "^13.3.0"

"@octokit/types@^13.10.0":
  version "13.10.0"
  resolved "https://registry.yarnpkg.com/@octokit/types/-/types-13.10.0.tgz#3e7c6b19c0236c270656e4ea666148c2b51fd1a3"
  integrity sha512-ifLaO34EbbPj0Xgro4G5lP5asESjwHracYJvVaPIyXMuiuXLlhic3S47cBdTb+jfODkTE5YtGCLt3Ay3+J97sA==
  dependencies:
    "@octokit/openapi-types" "^24.2.0"

"@octokit/types@^14.0.0":
  version "14.0.0"
  resolved "https://registry.yarnpkg.com/@octokit/types/-/types-14.0.0.tgz#bbd1d31e2269940789ef143b1c37918aae09adc4"
  integrity sha512-VVmZP0lEhbo2O1pdq63gZFiGCKkm8PPp8AUOijlwPO6hojEVjspA0MWKP7E4hbvGxzFKNqKr6p0IYtOH/Wf/zA==
  dependencies:
    "@octokit/openapi-types" "^25.0.0"

"@opentelemetry/api@1.x":
  version "1.9.0"
  resolved "https://registry.yarnpkg.com/@opentelemetry/api/-/api-1.9.0.tgz#d03eba68273dc0f7509e2a3d5cba21eae10379fe"
  integrity sha512-3giAOQvZiH5F9bMlMiv8+GSPMeqg0dbaeo58/0SlA9sxSqZhnUtxzX9/2FzyhS9sWQf5S0GJE0AKBrFqjpeYcg==

"@swc/helpers@^0.5.11":
  version "0.5.17"
  resolved "https://registry.yarnpkg.com/@swc/helpers/-/helpers-0.5.17.tgz#5a7be95ac0f0bf186e7e6e890e7a6f6cda6ce971"
  integrity sha512-5IKx/Y13RsYd+sauPb2x+U/xZikHjolzfuDgTAl/Tdf3Q8rslRvC19NKDLgAJQ6wsqADk10ntlv08nPFw/gO/A==
  dependencies:
    tslib "^2.8.0"

"@types/command-line-args@^5.2.3":
  version "5.2.3"
  resolved "https://registry.yarnpkg.com/@types/command-line-args/-/command-line-args-5.2.3.tgz#553ce2fd5acf160b448d307649b38ffc60d39639"
  integrity sha512-uv0aG6R0Y8WHZLTamZwtfsDLVRnOa+n+n5rEvFWL5Na5gZ8V2Teab/duDPFzIIIhs9qizDpcavCusCLJZu62Kw==

"@types/command-line-usage@^5.0.4":
  version "5.0.4"
  resolved "https://registry.yarnpkg.com/@types/command-line-usage/-/command-line-usage-5.0.4.tgz#374e4c62d78fbc5a670a0f36da10235af879a0d5"
  integrity sha512-BwR5KP3Es/CSht0xqBcUXS3qCAUVXwpRKsV2+arxeb65atasuXG9LykC9Ab10Cw3s2raH92ZqOeILaQbsB2ACg==

"@types/node@^20.13.0":
  version "20.17.32"
  resolved "https://registry.yarnpkg.com/@types/node/-/node-20.17.32.tgz#cb9703514cd8e172c11beff582c66006644c2d88"
  integrity sha512-zeMXFn8zQ+UkjK4ws0RiOC9EWByyW1CcVmLe+2rQocXRsGEDxUCwPEIVgpsGcLHS/P8JkT0oa3839BRABS0oPw==
  dependencies:
    undici-types "~6.19.2"

ansi-styles@^4.1.0:
  version "4.3.0"
  resolved "https://registry.yarnpkg.com/ansi-styles/-/ansi-styles-4.3.0.tgz#edd803628ae71c04c85ae7a0906edad34b648937"
  integrity sha512-zbB9rCJAT1rbjiVDb2hqKFHNYLxgtk8NURxZ3IZwD3F6NtxbXZQCnnSi1Lkx+IDohdPlFp222wVALIheZJQSEg==
  dependencies:
    color-convert "^2.0.1"

"apache-arrow@18.x - 19.x":
  version "19.0.1"
  resolved "https://registry.yarnpkg.com/apache-arrow/-/apache-arrow-19.0.1.tgz#aeac6922102e3274f57d97ec72da69d20e55b15c"
  integrity sha512-APmMLzS4qbTivLrPdQXexGM4JRr+0g62QDaobzEvip/FdQIrv2qLy0mD5Qdmw4buydtVJgbFeKR8f59I6PPGDg==
  dependencies:
    "@swc/helpers" "^0.5.11"
    "@types/command-line-args" "^5.2.3"
    "@types/command-line-usage" "^5.0.4"
    "@types/node" "^20.13.0"
    command-line-args "^6.0.1"
    command-line-usage "^7.0.1"
    flatbuffers "^24.3.25"
    json-bignum "^0.0.3"
    tslib "^2.6.2"

array-back@^6.2.2:
  version "6.2.2"
  resolved "https://registry.yarnpkg.com/array-back/-/array-back-6.2.2.tgz#f567d99e9af88a6d3d2f9dfcc21db6f9ba9fd157"
  integrity sha512-gUAZ7HPyb4SJczXAMUXMGAvI976JoK3qEx9v1FTmeYuJj0IBiaKttG1ydtGKdkfqWkIkouke7nG8ufGy77+Cvw==

before-after-hook@^3.0.2:
  version "3.0.2"
  resolved "https://registry.yarnpkg.com/before-after-hook/-/before-after-hook-3.0.2.tgz#d5665a5fa8b62294a5aa0a499f933f4a1016195d"
  integrity sha512-Nik3Sc0ncrMK4UUdXQmAnRtzmNQTAAXmXIopizwZ1W1t8QmfJj+zL4OA2I7XPTPW5z5TDqv4hRo/JzouDJnX3A==

bottleneck@^2.15.3:
  version "2.19.5"
  resolved "https://registry.yarnpkg.com/bottleneck/-/bottleneck-2.19.5.tgz#5df0b90f59fd47656ebe63c78a98419205cadd91"
  integrity sha512-VHiNCbI1lKdl44tGrhNfU3lup0Tj/ZBMJB5/2ZbNXRCPuRCO7ed2mgcK4r17y+KB2EfuYuRaVlwNbAeaWGSpbw==

chalk-template@^0.4.0:
  version "0.4.0"
  resolved "https://registry.yarnpkg.com/chalk-template/-/chalk-template-0.4.0.tgz#692c034d0ed62436b9062c1707fadcd0f753204b"
  integrity sha512-/ghrgmhfY8RaSdeo43hNXxpoHAtxdbskUHjPpfqUWGttFgycUhYPGx3YZBCnUCvOa7Doivn1IZec3DEGFoMgLg==
  dependencies:
    chalk "^4.1.2"

chalk@^4.1.2:
  version "4.1.2"
  resolved "https://registry.yarnpkg.com/chalk/-/chalk-4.1.2.tgz#aac4e2b7734a740867aeb16bf02aad556a1e7a01"
  integrity sha512-oKnbhFyRIXpUuez8iBMmyEa4nbj4IOQyuhc/wy9kY7/WVPcwIO9VA668Pu8RkO7+0G76SLROeyw9CpQ061i4mA==
  dependencies:
    ansi-styles "^4.1.0"
    supports-color "^7.1.0"

color-convert@^2.0.1:
  version "2.0.1"
  resolved "https://registry.yarnpkg.com/color-convert/-/color-convert-2.0.1.tgz#72d3a68d598c9bdb3af2ad1e84f21d896abd4de3"
  integrity sha512-RRECPsj7iu/xb5oKYcsFHSppFNnsj/52OVTRKb4zP5onXwVF3zVmmToNcOfGC+CRDpfK/U584fMg38ZHCaElKQ==
  dependencies:
    color-name "~1.1.4"

color-name@~1.1.4:
  version "1.1.4"
  resolved "https://registry.yarnpkg.com/color-name/-/color-name-1.1.4.tgz#c2a09a87acbde69543de6f63fa3995c826c536a2"
  integrity sha512-dOy+3AuW3a2wNbZHIuMZpTcgjGuLU/uBL/ubcZF9OXbDo8ff4O8yVp5Bf0efS8uEoYo5q4Fx7dY9OgQGXgAsQA==

command-line-args@^6.0.1:
  version "6.0.1"
  resolved "https://registry.yarnpkg.com/command-line-args/-/command-line-args-6.0.1.tgz#cbd1efb4f72b285dbd54bde9a8585c2d9694b070"
  integrity sha512-Jr3eByUjqyK0qd8W0SGFW1nZwqCaNCtbXjRo2cRJC1OYxWl3MZ5t1US3jq+cO4sPavqgw4l9BMGX0CBe+trepg==
  dependencies:
    array-back "^6.2.2"
    find-replace "^5.0.2"
    lodash.camelcase "^4.3.0"
    typical "^7.2.0"

command-line-usage@^7.0.1:
  version "7.0.3"
  resolved "https://registry.yarnpkg.com/command-line-usage/-/command-line-usage-7.0.3.tgz#6bce992354f6af10ecea2b631bfdf0c8b3bfaea3"
  integrity sha512-PqMLy5+YGwhMh1wS04mVG44oqDsgyLRSKJBdOo1bnYhMKBW65gZF1dRp2OZRhiTjgUHljy99qkO7bsctLaw35Q==
  dependencies:
    array-back "^6.2.2"
    chalk-template "^0.4.0"
    table-layout "^4.1.0"
    typical "^7.1.1"

console-log-level@^1.4.1:
  version "1.4.1"
  resolved "https://registry.yarnpkg.com/console-log-level/-/console-log-level-1.4.1.tgz#9c5a6bb9ef1ef65b05aba83028b0ff894cdf630a"
  integrity sha512-VZzbIORbP+PPcN/gg3DXClTLPLg5Slwd5fL2MIc+o1qZ4BXBvWyc6QxPk6T/Mkr6IVjRpoAGf32XxP3ZWMVRcQ==

debug@^4.4.0:
  version "4.4.0"
  resolved "https://registry.yarnpkg.com/debug/-/debug-4.4.0.tgz#2b3f2aea2ffeb776477460267377dc8710faba8a"
  integrity sha512-6WTZ/IxCY/T6BALoZHaE4ctp9xm+Z5kY/pzYaCHRFeyVhojxlrm+46y68HA6hr0TcwEssoxNiDEUJQjfPZ/RYA==
  dependencies:
    ms "^2.1.3"

fast-content-type-parse@^2.0.0:
  version "2.0.1"
  resolved "https://registry.yarnpkg.com/fast-content-type-parse/-/fast-content-type-parse-2.0.1.tgz#c236124534ee2cb427c8d8e5ba35a4856947847b"
  integrity sha512-nGqtvLrj5w0naR6tDPfB4cUmYCqouzyQiz6C5y/LtcDllJdrcc6WaWW6iXyIIOErTa/XRybj28aasdn4LkVk6Q==

find-replace@^5.0.2:
  version "5.0.2"
  resolved "https://registry.yarnpkg.com/find-replace/-/find-replace-5.0.2.tgz#fe27ff0be05975aef6fc679c1139bbabea564e26"
  integrity sha512-Y45BAiE3mz2QsrN2fb5QEtO4qb44NcS7en/0y9PEVsg351HsLeVclP8QPMH79Le9sH3rs5RSwJu99W0WPZO43Q==

flatbuffers@^24.3.25:
  version "24.12.23"
  resolved "https://registry.yarnpkg.com/flatbuffers/-/flatbuffers-24.12.23.tgz#6eea59d2bcda0c5d59bcacefd6216348b3086883"
  integrity sha512-dLVCAISd5mhls514keQzmEG6QHmUUsNuWsb4tFafIUwvvgDjXhtfAYSKOzt5SWOy+qByV5pbsDZ+Vb7HUOBEdA==

has-flag@^4.0.0:
  version "4.0.0"
  resolved "https://registry.yarnpkg.com/has-flag/-/has-flag-4.0.0.tgz#944771fd9c81c81265c4d6941860da06bb59479b"
  integrity sha512-EykJT/Q1KjTWctppgIAgfSO0tKVuZUjhgMr17kqTumMl6Afv3EISleU7qZUzoXDFTAHTDC4NOoG/ZxU3EvlMPQ==

hpagent@^1.2.0:
  version "1.2.0"
  resolved "https://registry.yarnpkg.com/hpagent/-/hpagent-1.2.0.tgz#0ae417895430eb3770c03443456b8d90ca464903"
  integrity sha512-A91dYTeIB6NoXG+PxTQpCCDDnfHsW9kc06Lvpu1TEe9gnd6ZFeiBoRO9JvzEv6xK7EX97/dUE8g/vBMTqTS3CA==

json-bignum@^0.0.3:
  version "0.0.3"
  resolved "https://registry.yarnpkg.com/json-bignum/-/json-bignum-0.0.3.tgz#41163b50436c773d82424dbc20ed70db7604b8d7"
  integrity sha512-2WHyXj3OfHSgNyuzDbSxI1w2jgw5gkWSWhS7Qg4bWXx1nLk3jnbwfUeS0PSba3IzpTUWdHxBieELUzXRjQB2zg==

lodash.camelcase@^4.3.0:
  version "4.3.0"
  resolved "https://registry.yarnpkg.com/lodash.camelcase/-/lodash.camelcase-4.3.0.tgz#b28aa6288a2b9fc651035c7711f65ab6190331a6"
  integrity sha512-TwuEnCnxbc3rAvhf/LbG7tJUDzhqXyFnv3dtzLOPgCG/hODL7WFnsbwktkD7yUV0RrreP/l1PALq/YSg6VvjlA==

moment@^2.29.1:
  version "2.30.1"
  resolved "https://registry.yarnpkg.com/moment/-/moment-2.30.1.tgz#f8c91c07b7a786e30c59926df530b4eac96974ae"
  integrity sha512-uEmtNhbDOrWPFS+hdjFCBfy9f2YoyzRpwcl+DqpC6taX21FzsTLQVbMV/W7PzNSX6x/bhC1zA3c2UQ5NzH6how==

ms@^2.1.3:
  version "2.1.3"
  resolved "https://registry.yarnpkg.com/ms/-/ms-2.1.3.tgz#574c8138ce1d2b5861f0b44579dbadd60c6615b2"
  integrity sha512-6FlzubTLZG3J2a/NVCAleEhjzq5oxgHyaCU9yYXvcLsvoVaHJq/s5xXI6/XXP6tz7R9xAOtHnSO/tXtF3WRTlA==

secure-json-parse@^3.0.1:
  version "3.0.2"
  resolved "https://registry.yarnpkg.com/secure-json-parse/-/secure-json-parse-3.0.2.tgz#255b03bb0627ba5805f64f384b0a7691d8cb021b"
  integrity sha512-H6nS2o8bWfpFEV6U38sOSjS7bTbdgbCGU9wEM6W14P5H0QOsz94KCusifV44GpHDTu2nqZbuDNhTzu+mjDSw1w==

supports-color@^7.1.0:
  version "7.2.0"
  resolved "https://registry.yarnpkg.com/supports-color/-/supports-color-7.2.0.tgz#1b7dcdcb32b8138801b3e478ba6a51caa89648da"
  integrity sha512-qpCAvRl9stuOHveKsn7HncJRvv501qIacKzQlO/+Lwxc9+0q2wLyv4Dfvt80/DPn2pqOBsJdDiogXGR9+OvwRw==
  dependencies:
    has-flag "^4.0.0"

table-layout@^4.1.0:
  version "4.1.1"
  resolved "https://registry.yarnpkg.com/table-layout/-/table-layout-4.1.1.tgz#0f72965de1a5c0c1419c9ba21cae4e73a2f73a42"
  integrity sha512-iK5/YhZxq5GO5z8wb0bY1317uDF3Zjpha0QFFLA8/trAoiLbQD0HUbMesEaxyzUgDxi2QlcbM8IvqOlEjgoXBA==
  dependencies:
    array-back "^6.2.2"
    wordwrapjs "^5.1.0"

toad-cache@^3.7.0:
  version "3.7.0"
  resolved "https://registry.yarnpkg.com/toad-cache/-/toad-cache-3.7.0.tgz#b9b63304ea7c45ec34d91f1d2fa513517025c441"
  integrity sha512-/m8M+2BJUpoJdgAHoG+baCwBT+tf2VraSfkBgl0Y00qIWt41DJ8R5B8nsEw0I58YwF5IZH6z24/2TobDKnqSWw==

tslib@^2.4.0, tslib@^2.6.2, tslib@^2.8.0, tslib@^2.8.1:
  version "2.8.1"
  resolved "https://registry.yarnpkg.com/tslib/-/tslib-2.8.1.tgz#612efe4ed235d567e8aba5f2a5fab70280ade83f"
  integrity sha512-oJFu94HQb+KVduSUQL7wnpmqnfmLsOA/nAh6b6EH0wCEoK0/mPeXU6c3wKDV83MkOuHPRHtSXKKU99IBazS/2w==

typical@^7.1.1, typical@^7.2.0:
  version "7.3.0"
  resolved "https://registry.yarnpkg.com/typical/-/typical-7.3.0.tgz#930376be344228709f134613911fa22aa09617a4"
  integrity sha512-ya4mg/30vm+DOWfBg4YK3j2WD6TWtRkCbasOJr40CseYENzCUby/7rIvXA99JGsQHeNxLbnXdyLLxKSv3tauFw==

undici-types@~6.19.2:
  version "6.19.8"
  resolved "https://registry.yarnpkg.com/undici-types/-/undici-types-6.19.8.tgz#35111c9d1437ab83a7cdc0abae2f26d88eda0a02"
  integrity sha512-ve2KP6f/JnbPBFyobGHuerC9g1FYGn/F8n1LWTwNxCEzd6IfqTwUQcNXgEtmmQ6DlRrC1hrSrBnCZPokRrDHjw==

undici@^6.21.1:
  version "6.21.2"
  resolved "https://registry.yarnpkg.com/undici/-/undici-6.21.2.tgz#49c5884e8f9039c65a89ee9018ef3c8e2f1f4928"
  integrity sha512-uROZWze0R0itiAKVPsYhFov9LxrPMHLMEQFszeI2gCN6bnIIZ8twzBCJcN2LJrBBLfrP0t1FW0g+JmKVl8Vk1g==

universal-github-app-jwt@^2.2.0:
  version "2.2.2"
  resolved "https://registry.yarnpkg.com/universal-github-app-jwt/-/universal-github-app-jwt-2.2.2.tgz#38537e5a7d154085a35f97601a5e30e9e17717df"
  integrity sha512-dcmbeSrOdTnsjGjUfAlqNDJrhxXizjAz94ija9Qw8YkZ1uu0d+GoZzyH+Jb9tIIqvGsadUfwg+22k5aDqqwzbw==

universal-user-agent@^7.0.0, universal-user-agent@^7.0.2:
  version "7.0.2"
  resolved "https://registry.yarnpkg.com/universal-user-agent/-/universal-user-agent-7.0.2.tgz#52e7d0e9b3dc4df06cc33cb2b9fd79041a54827e"
  integrity sha512-0JCqzSKnStlRRQfCdowvqy3cy0Dvtlb8xecj/H8JFZuCze4rwjPZQOgvFvn0Ws/usCHQFGpyr+pB9adaGwXn4Q==

wordwrapjs@^5.1.0:
  version "5.1.0"
  resolved "https://registry.yarnpkg.com/wordwrapjs/-/wordwrapjs-5.1.0.tgz#4c4d20446dcc670b14fa115ef4f8fd9947af2b3a"
  integrity sha512-JNjcULU2e4KJwUNv6CHgI46UvDGitb6dGryHajXTDiLgg1/RiGoPSDw4kZfYnwGtEXf2ZMeIewDQgFGzkCB2Sg==
